// !$*UTF8*$!
{
	archiveVersion = 1;
	classes = {
	};
	objectVersion = 50;
	objects = {

/* Begin PBXBuildFile section */
		1471B308246C20270009C53F /* AnimationViewExtensions.swift in Sources */ = {isa = PBXBuildFile; fileRef = 1471B307246C20270009C53F /* AnimationViewExtensions.swift */; };
		1477D1C0246F77160043F85B /* DetailViewController.swift in Sources */ = {isa = PBXBuildFile; fileRef = 1477D1BF246F77160043F85B /* DetailViewController.swift */; };
		149DC740246B652800803063 /* AppDelegate.swift in Sources */ = {isa = PBXBuildFile; fileRef = 149DC73F246B652800803063 /* AppDelegate.swift */; };
		149DC742246B652800803063 /* SceneDelegate.swift in Sources */ = {isa = PBXBuildFile; fileRef = 149DC741246B652800803063 /* SceneDelegate.swift */; };
		149DC747246B652800803063 /* Main.storyboard in Resources */ = {isa = PBXBuildFile; fileRef = 149DC745246B652800803063 /* Main.storyboard */; };
		149DC749246B653500803063 /* Assets.xcassets in Resources */ = {isa = PBXBuildFile; fileRef = 149DC748246B653500803063 /* Assets.xcassets */; };
		149DC74C246B653500803063 /* LaunchScreen.storyboard in Resources */ = {isa = PBXBuildFile; fileRef = 149DC74A246B653500803063 /* LaunchScreen.storyboard */; };
		149DC754246B65EF00803063 /* WelcomeTableViewController.swift in Sources */ = {isa = PBXBuildFile; fileRef = 149DC753246B65EF00803063 /* WelcomeTableViewController.swift */; };
		149DC75B246B6C5A00803063 /* ImageTableViewCell.swift in Sources */ = {isa = PBXBuildFile; fileRef = 149DC75A246B6C5A00803063 /* ImageTableViewCell.swift */; };
		149DC75E246B6D0F00803063 /* ViewExtensions.swift in Sources */ = {isa = PBXBuildFile; fileRef = 149DC75D246B6D0F00803063 /* ViewExtensions.swift */; };
		14E32B9D246CA79B00B14D84 /* Constants.swift in Sources */ = {isa = PBXBuildFile; fileRef = 14E32B9C246CA79B00B14D84 /* Constants.swift */; };
		14E403C5246DFDC1000FF765 /* Photo.swift in Sources */ = {isa = PBXBuildFile; fileRef = 14E403C4246DFDC1000FF765 /* Photo.swift */; };
		14EE6F13246B6E4C002B2FA0 /* default-img2 in Resources */ = {isa = PBXBuildFile; fileRef = 14EE6F11246B6E4C002B2FA0 /* default-img2 */; };
		14EE6F14246B6E4C002B2FA0 /* default-img1 in Resources */ = {isa = PBXBuildFile; fileRef = 14EE6F12246B6E4C002B2FA0 /* default-img1 */; };
/* End PBXBuildFile section */

/* Begin PBXFileReference section */
		1471B307246C20270009C53F /* AnimationViewExtensions.swift */ = {isa = PBXFileReference; lastKnownFileType = sourcecode.swift; path = AnimationViewExtensions.swift; sourceTree = "<group>"; };
		1477D1BF246F77160043F85B /* DetailViewController.swift */ = {isa = PBXFileReference; lastKnownFileType = sourcecode.swift; path = DetailViewController.swift; sourceTree = "<group>"; };
		149DC73C246B652800803063 /* Photo Library.app */ = {isa = PBXFileReference; explicitFileType = wrapper.application; includeInIndex = 0; path = "Photo Library.app"; sourceTree = BUILT_PRODUCTS_DIR; };
		149DC73F246B652800803063 /* AppDelegate.swift */ = {isa = PBXFileReference; lastKnownFileType = sourcecode.swift; path = AppDelegate.swift; sourceTree = "<group>"; };
		149DC741246B652800803063 /* SceneDelegate.swift */ = {isa = PBXFileReference; lastKnownFileType = sourcecode.swift; path = SceneDelegate.swift; sourceTree = "<group>"; };
		149DC746246B652800803063 /* Base */ = {isa = PBXFileReference; lastKnownFileType = file.storyboard; name = Base; path = Base.lproj/Main.storyboard; sourceTree = "<group>"; };
		149DC748246B653500803063 /* Assets.xcassets */ = {isa = PBXFileReference; lastKnownFileType = folder.assetcatalog; path = Assets.xcassets; sourceTree = "<group>"; };
		149DC74B246B653500803063 /* Base */ = {isa = PBXFileReference; lastKnownFileType = file.storyboard; name = Base; path = Base.lproj/LaunchScreen.storyboard; sourceTree = "<group>"; };
		149DC74D246B653500803063 /* Info.plist */ = {isa = PBXFileReference; lastKnownFileType = text.plist.xml; path = Info.plist; sourceTree = "<group>"; };
		149DC753246B65EF00803063 /* WelcomeTableViewController.swift */ = {isa = PBXFileReference; lastKnownFileType = sourcecode.swift; path = WelcomeTableViewController.swift; sourceTree = "<group>"; };
		149DC75A246B6C5A00803063 /* ImageTableViewCell.swift */ = {isa = PBXFileReference; lastKnownFileType = sourcecode.swift; path = ImageTableViewCell.swift; sourceTree = "<group>"; };
		149DC75D246B6D0F00803063 /* ViewExtensions.swift */ = {isa = PBXFileReference; lastKnownFileType = sourcecode.swift; path = ViewExtensions.swift; sourceTree = "<group>"; };
		14E32B9C246CA79B00B14D84 /* Constants.swift */ = {isa = PBXFileReference; lastKnownFileType = sourcecode.swift; path = Constants.swift; sourceTree = "<group>"; };
		14E403C4246DFDC1000FF765 /* Photo.swift */ = {isa = PBXFileReference; lastKnownFileType = sourcecode.swift; path = Photo.swift; sourceTree = "<group>"; };
		14EE6F11246B6E4C002B2FA0 /* default-img2 */ = {isa = PBXFileReference; lastKnownFileType = file; path = "default-img2"; sourceTree = "<group>"; };
		14EE6F12246B6E4C002B2FA0 /* default-img1 */ = {isa = PBXFileReference; lastKnownFileType = file; path = "default-img1"; sourceTree = "<group>"; };
/* End PBXFileReference section */

/* Begin PBXFrameworksBuildPhase section */
		149DC739246B652800803063 /* Frameworks */ = {
			isa = PBXFrameworksBuildPhase;
			buildActionMask = 2147483647;
			files = (
			);
			runOnlyForDeploymentPostprocessing = 0;
		};
/* End PBXFrameworksBuildPhase section */

/* Begin PBXGroup section */
		149DC733246B652800803063 = {
			isa = PBXGroup;
			children = (
				149DC73E246B652800803063 /* Photo Library */,
				149DC73D246B652800803063 /* Products */,
			);
			sourceTree = "<group>";
		};
		149DC73D246B652800803063 /* Products */ = {
			isa = PBXGroup;
			children = (
				149DC73C246B652800803063 /* Photo Library.app */,
			);
			name = Products;
			sourceTree = "<group>";
		};
		149DC73E246B652800803063 /* Photo Library */ = {
			isa = PBXGroup;
			children = (
				149DC73F246B652800803063 /* AppDelegate.swift */,
				149DC741246B652800803063 /* SceneDelegate.swift */,
				149DC759246B663F00803063 /* Model */,
				149DC758246B663500803063 /* View */,
				149DC757246B662D00803063 /* Controller */,
				149DC75C246B6CFA00803063 /* Extensions */,
				149DC748246B653500803063 /* Assets.xcassets */,
				14E32B9C246CA79B00B14D84 /* Constants.swift */,
				149DC74A246B653500803063 /* LaunchScreen.storyboard */,
				149DC74D246B653500803063 /* Info.plist */,
				14EE6F12246B6E4C002B2FA0 /* default-img1 */,
				14EE6F11246B6E4C002B2FA0 /* default-img2 */,
			);
			path = "Photo Library";
			sourceTree = "<group>";
		};
		149DC757246B662D00803063 /* Controller */ = {
			isa = PBXGroup;
			children = (
				149DC753246B65EF00803063 /* WelcomeTableViewController.swift */,
				1477D1BF246F77160043F85B /* DetailViewController.swift */,
			);
			path = Controller;
			sourceTree = "<group>";
		};
		149DC758246B663500803063 /* View */ = {
			isa = PBXGroup;
			children = (
				149DC745246B652800803063 /* Main.storyboard */,
				149DC75A246B6C5A00803063 /* ImageTableViewCell.swift */,
			);
			path = View;
			sourceTree = "<group>";
		};
		149DC759246B663F00803063 /* Model */ = {
			isa = PBXGroup;
			children = (
				14E403C4246DFDC1000FF765 /* Photo.swift */,
			);
			path = Model;
			sourceTree = "<group>";
		};
		149DC75C246B6CFA00803063 /* Extensions */ = {
			isa = PBXGroup;
			children = (
				149DC75D246B6D0F00803063 /* ViewExtensions.swift */,
				1471B307246C20270009C53F /* AnimationViewExtensions.swift */,
			);
			path = Extensions;
			sourceTree = "<group>";
		};
/* End PBXGroup section */

/* Begin PBXNativeTarget section */
		149DC73B246B652800803063 /* Photo Library */ = {
			isa = PBXNativeTarget;
			buildConfigurationList = 149DC750246B653500803063 /* Build configuration list for PBXNativeTarget "Photo Library" */;
			buildPhases = (
				149DC738246B652800803063 /* Sources */,
				149DC739246B652800803063 /* Frameworks */,
				149DC73A246B652800803063 /* Resources */,
			);
			buildRules = (
			);
			dependencies = (
			);
			name = "Photo Library";
			productName = "Photo Library";
			productReference = 149DC73C246B652800803063 /* Photo Library.app */;
			productType = "com.apple.product-type.application";
		};
/* End PBXNativeTarget section */

/* Begin PBXProject section */
		149DC734246B652800803063 /* Project object */ = {
			isa = PBXProject;
			attributes = {
				LastSwiftUpdateCheck = 1140;
				LastUpgradeCheck = 1140;
				ORGANIZATIONNAME = "Ben Clarke";
				TargetAttributes = {
					149DC73B246B652800803063 = {
						CreatedOnToolsVersion = 11.4.1;
					};
				};
			};
			buildConfigurationList = 149DC737246B652800803063 /* Build configuration list for PBXProject "Photo Library" */;
			compatibilityVersion = "Xcode 9.3";
			developmentRegion = en;
			hasScannedForEncodings = 0;
			knownRegions = (
				en,
				Base,
			);
			mainGroup = 149DC733246B652800803063;
			productRefGroup = 149DC73D246B652800803063 /* Products */;
			projectDirPath = "";
			projectRoot = "";
			targets = (
				149DC73B246B652800803063 /* Photo Library */,
			);
		};
/* End PBXProject section */

/* Begin PBXResourcesBuildPhase section */
		149DC73A246B652800803063 /* Resources */ = {
			isa = PBXResourcesBuildPhase;
			buildActionMask = 2147483647;
			files = (
				14EE6F13246B6E4C002B2FA0 /* default-img2 in Resources */,
				149DC74C246B653500803063 /* LaunchScreen.storyboard in Resources */,
				14EE6F14246B6E4C002B2FA0 /* default-img1 in Resources */,
				149DC749246B653500803063 /* Assets.xcassets in Resources */,
				149DC747246B652800803063 /* Main.storyboard in Resources */,
			);
			runOnlyForDeploymentPostprocessing = 0;
		};
/* End PBXResourcesBuildPhase section */

/* Begin PBXSourcesBuildPhase section */
		149DC738246B652800803063 /* Sources */ = {
			isa = PBXSourcesBuildPhase;
			buildActionMask = 2147483647;
			files = (
				1477D1C0246F77160043F85B /* DetailViewController.swift in Sources */,
				14E403C5246DFDC1000FF765 /* Photo.swift in Sources */,
				149DC740246B652800803063 /* AppDelegate.swift in Sources */,
				1471B308246C20270009C53F /* AnimationViewExtensions.swift in Sources */,
				149DC75B246B6C5A00803063 /* ImageTableViewCell.swift in Sources */,
				149DC754246B65EF00803063 /* WelcomeTableViewController.swift in Sources */,
				14E32B9D246CA79B00B14D84 /* Constants.swift in Sources */,
				149DC75E246B6D0F00803063 /* ViewExtensions.swift in Sources */,
				149DC742246B652800803063 /* SceneDelegate.swift in Sources */,
			);
			runOnlyForDeploymentPostprocessing = 0;
		};
/* End PBXSourcesBuildPhase section */

/* Begin PBXVariantGroup section */
		149DC745246B652800803063 /* Main.storyboard */ = {
			isa = PBXVariantGroup;
			children = (
				149DC746246B652800803063 /* Base */,
			);
			name = Main.storyboard;
			sourceTree = "<group>";
		};
		149DC74A246B653500803063 /* LaunchScreen.storyboard */ = {
			isa = PBXVariantGroup;
			children = (
				149DC74B246B653500803063 /* Base */,
			);
			name = LaunchScreen.storyboard;
			sourceTree = "<group>";
		};
/* End PBXVariantGroup section */

/* Begin XCBuildConfiguration section */
		149DC74E246B653500803063 /* Debug */ = {
			isa = XCBuildConfiguration;
			buildSettings = {
				ALWAYS_SEARCH_USER_PATHS = NO;
				CLANG_ANALYZER_NONNULL = YES;
				CLANG_ANALYZER_NUMBER_OBJECT_CONVERSION = YES_AGGRESSIVE;
				CLANG_CXX_LANGUAGE_STANDARD = "gnu++14";
				CLANG_CXX_LIBRARY = "libc++";
				CLANG_ENABLE_MODULES = YES;
				CLANG_ENABLE_OBJC_ARC = YES;
				CLANG_ENABLE_OBJC_WEAK = YES;
				CLANG_WARN_BLOCK_CAPTURE_AUTORELEASING = YES;
				CLANG_WARN_BOOL_CONVERSION = YES;
				CLANG_WARN_COMMA = YES;
				CLANG_WARN_CONSTANT_CONVERSION = YES;
				CLANG_WARN_DEPRECATED_OBJC_IMPLEMENTATIONS = YES;
				CLANG_WARN_DIRECT_OBJC_ISA_USAGE = YES_ERROR;
				CLANG_WARN_DOCUMENTATION_COMMENTS = YES;
				CLANG_WARN_EMPTY_BODY = YES;
				CLANG_WARN_ENUM_CONVERSION = YES;
				CLANG_WARN_INFINITE_RECURSION = YES;
				CLANG_WARN_INT_CONVERSION = YES;
				CLANG_WARN_NON_LITERAL_NULL_CONVERSION = YES;
				CLANG_WARN_OBJC_IMPLICIT_RETAIN_SELF = YES;
				CLANG_WARN_OBJC_LITERAL_CONVERSION = YES;
				CLANG_WARN_OBJC_ROOT_CLASS = YES_ERROR;
				CLANG_WARN_RANGE_LOOP_ANALYSIS = YES;
				CLANG_WARN_STRICT_PROTOTYPES = YES;
				CLANG_WARN_SUSPICIOUS_MOVE = YES;
				CLANG_WARN_UNGUARDED_AVAILABILITY = YES_AGGRESSIVE;
				CLANG_WARN_UNREACHABLE_CODE = YES;
				CLANG_WARN__DUPLICATE_METHOD_MATCH = YES;
				COPY_PHASE_STRIP = NO;
				DEBUG_INFORMATION_FORMAT = dwarf;
				ENABLE_STRICT_OBJC_MSGSEND = YES;
				ENABLE_TESTABILITY = YES;
				GCC_C_LANGUAGE_STANDARD = gnu11;
				GCC_DYNAMIC_NO_PIC = NO;
				GCC_NO_COMMON_BLOCKS = YES;
				GCC_OPTIMIZATION_LEVEL = 0;
				GCC_PREPROCESSOR_DEFINITIONS = (
					"DEBUG=1",
					"$(inherited)",
				);
				GCC_WARN_64_TO_32_BIT_CONVERSION = YES;
				GCC_WARN_ABOUT_RETURN_TYPE = YES_ERROR;
				GCC_WARN_UNDECLARED_SELECTOR = YES;
				GCC_WARN_UNINITIALIZED_AUTOS = YES_AGGRESSIVE;
				GCC_WARN_UNUSED_FUNCTION = YES;
				GCC_WARN_UNUSED_VARIABLE = YES;
				IPHONEOS_DEPLOYMENT_TARGET = 13.4;
				MTL_ENABLE_DEBUG_INFO = INCLUDE_SOURCE;
				MTL_FAST_MATH = YES;
				ONLY_ACTIVE_ARCH = YES;
				SDKROOT = iphoneos;
				SWIFT_ACTIVE_COMPILATION_CONDITIONS = DEBUG;
				SWIFT_OPTIMIZATION_LEVEL = "-Onone";
			};
			name = Debug;
		};
		149DC74F246B653500803063 /* Release */ = {
			isa = XCBuildConfiguration;
			buildSettings = {
				ALWAYS_SEARCH_USER_PATHS = NO;
				CLANG_ANALYZER_NONNULL = YES;
				CLANG_ANALYZER_NUMBER_OBJECT_CONVERSION = YES_AGGRESSIVE;
				CLANG_CXX_LANGUAGE_STANDARD = "gnu++14";
				CLANG_CXX_LIBRARY = "libc++";
				CLANG_ENABLE_MODULES = YES;
				CLANG_ENABLE_OBJC_ARC = YES;
				CLANG_ENABLE_OBJC_WEAK = YES;
				CLANG_WARN_BLOCK_CAPTURE_AUTORELEASING = YES;
				CLANG_WARN_BOOL_CONVERSION = YES;
				CLANG_WARN_COMMA = YES;
				CLANG_WARN_CONSTANT_CONVERSION = YES;
				CLANG_WARN_DEPRECATED_OBJC_IMPLEMENTATIONS = YES;
				CLANG_WARN_DIRECT_OBJC_ISA_USAGE = YES_ERROR;
				CLANG_WARN_DOCUMENTATION_COMMENTS = YES;
				CLANG_WARN_EMPTY_BODY = YES;
				CLANG_WARN_ENUM_CONVERSION = YES;
				CLANG_WARN_INFINITE_RECURSION = YES;
				CLANG_WARN_INT_CONVERSION = YES;
				CLANG_WARN_NON_LITERAL_NULL_CONVERSION = YES;
				CLANG_WARN_OBJC_IMPLICIT_RETAIN_SELF = YES;
				CLANG_WARN_OBJC_LITERAL_CONVERSION = YES;
				CLANG_WARN_OBJC_ROOT_CLASS = YES_ERROR;
				CLANG_WARN_RANGE_LOOP_ANALYSIS = YES;
				CLANG_WARN_STRICT_PROTOTYPES = YES;
				CLANG_WARN_SUSPICIOUS_MOVE = YES;
				CLANG_WARN_UNGUARDED_AVAILABILITY = YES_AGGRESSIVE;
				CLANG_WARN_UNREACHABLE_CODE = YES;
				CLANG_WARN__DUPLICATE_METHOD_MATCH = YES;
				COPY_PHASE_STRIP = NO;
				DEBUG_INFORMATION_FORMAT = "dwarf-with-dsym";
				ENABLE_NS_ASSERTIONS = NO;
				ENABLE_STRICT_OBJC_MSGSEND = YES;
				GCC_C_LANGUAGE_STANDARD = gnu11;
				GCC_NO_COMMON_BLOCKS = YES;
				GCC_WARN_64_TO_32_BIT_CONVERSION = YES;
				GCC_WARN_ABOUT_RETURN_TYPE = YES_ERROR;
				GCC_WARN_UNDECLARED_SELECTOR = YES;
				GCC_WARN_UNINITIALIZED_AUTOS = YES_AGGRESSIVE;
				GCC_WARN_UNUSED_FUNCTION = YES;
				GCC_WARN_UNUSED_VARIABLE = YES;
				IPHONEOS_DEPLOYMENT_TARGET = 13.4;
				MTL_ENABLE_DEBUG_INFO = NO;
				MTL_FAST_MATH = YES;
				SDKROOT = iphoneos;
				SWIFT_COMPILATION_MODE = wholemodule;
				SWIFT_OPTIMIZATION_LEVEL = "-O";
				VALIDATE_PRODUCT = YES;
			};
			name = Release;
		};
		149DC751246B653500803063 /* Debug */ = {
			isa = XCBuildConfiguration;
			buildSettings = {
				ASSETCATALOG_COMPILER_APPICON_NAME = AppIcon;
				CODE_SIGN_STYLE = Automatic;
				INFOPLIST_FILE = "Photo Library/Info.plist";
				LD_RUNPATH_SEARCH_PATHS = (
					"$(inherited)",
					"@executable_path/Frameworks",
				);
				PRODUCT_BUNDLE_IDENTIFIER = "com.vikingskullapps.Photo-Library";
				PRODUCT_NAME = "$(TARGET_NAME)";
				SWIFT_VERSION = 5.0;
				TARGETED_DEVICE_FAMILY = 1;
			};
			name = Debug;
		};
		149DC752246B653500803063 /* Release */ = {
			isa = XCBuildConfiguration;
			buildSettings = {
				ASSETCATALOG_COMPILER_APPICON_NAME = AppIcon;
				CODE_SIGN_STYLE = Automatic;
				INFOPLIST_FILE = "Photo Library/Info.plist";
				LD_RUNPATH_SEARCH_PATHS = (
					"$(inherited)",
					"@executable_path/Frameworks",
				);
				PRODUCT_BUNDLE_IDENTIFIER = "com.vikingskullapps.Photo-Library";
				PRODUCT_NAME = "$(TARGET_NAME)";
				SWIFT_VERSION = 5.0;
				TARGETED_DEVICE_FAMILY = 1;
			};
			name = Release;
		};
/* End XCBuildConfiguration section */

/* Begin XCConfigurationList section */
		149DC737246B652800803063 /* Build configuration list for PBXProject "Photo Library" */ = {
			isa = XCConfigurationList;
			buildConfigurations = (
				149DC74E246B653500803063 /* Debug */,
				149DC74F246B653500803063 /* Release */,
			);
			defaultConfigurationIsVisible = 0;
			defaultConfigurationName = Release;
		};
		149DC750246B653500803063 /* Build configuration list for PBXNativeTarget "Photo Library" */ = {
			isa = XCConfigurationList;
			buildConfigurations = (
				149DC751246B653500803063 /* Debug */,
				149DC752246B653500803063 /* Release */,
			);
			defaultConfigurationIsVisible = 0;
			defaultConfigurationName = Release;
		};
/* End XCConfigurationList section */
	};
	rootObject = 149DC734246B652800803063 /* Project object */;
}
